
Microsoft Visual Studio Solution File, Format Version 12.00
# Visual Studio Version 17
VisualStudioVersion = 17.0.31903.59
MinimumVisualStudioVersion = 10.0.40219.1
Project("{9A19103F-16F7-4668-BE54-9A1E7A4F7556}") = "SchoolTrack", "SchoolTrack\SchoolTrack.csproj", "{48082464-3FFF-47D8-9025-4AF0AD5D479A}"
EndProject
Project("{2150E333-8FDC-42A3-9474-1A3956D46DE8}") = "Solution Items", "Solution Items", "{EFEBE3EA-F453-46ED-8596-FA4B37AAD135}"
	ProjectSection(SolutionItems) = preProject
		.gitignore = .gitignore
	EndProjectSection
EndProject
Global
	GlobalSection(SolutionConfigurationPlatforms) = preSolution
		Debug|Any CPU = Debug|Any CPU
		Release|Any CPU = Release|Any CPU
	EndGlobalSection
	GlobalSection(ProjectConfigurationPlatforms) = postSolution
		{48082464-3FFF-47D8-9025-4AF0AD5D479A}.Debug|Any CPU.ActiveCfg = Debug|Any CPU
		{48082464-3FFF-47D8-9025-4AF0AD5D479A}.Debug|Any CPU.Build.0 = Debug|Any CPU
		{48082464-3FFF-47D8-9025-4AF0AD5D479A}.Release|Any CPU.ActiveCfg = Release|Any CPU
		{48082464-3FFF-47D8-9025-4AF0AD5D479A}.Release|Any CPU.Build.0 = Release|Any CPU
	EndGlobalSection
	GlobalSection(SolutionProperties) = preSolution
		HideSolutionNode = FALSE
	EndGlobalSection
	GlobalSection(ExtensibilityGlobals) = postSolution
		SolutionGuid = {837B4372-B1B5-4996-8DD7-9ACC1981A319}
	EndGlobalSection
EndGlobal
